
Microsoft Visual Studio Solution File, Format Version 12.00
# Visual Studio 15
Project("{D954291E-2A0B-460D-934E-DC6B0785DB48}") = "1321_Lab_1", "1321_Labs\1321_Lab_1.shproj", "{DBF747CA-029E-4B74-92A5-13A360971CEE}"
EndProject
Project("{D954291E-2A0B-460D-934E-DC6B0785DB48}") = "1321_Lab_2", "1321_Lab_2\1321_Lab_2.shproj", "{27206F49-9154-42AB-8152-3A21FDB8A161}"
EndProject
Global
	GlobalSection(SolutionConfigurationPlatforms) = preSolution
	EndGlobalSection
	GlobalSection(ProjectConfigurationPlatforms) = postSolution
	EndGlobalSection
EndGlobal
