
Microsoft Visual Studio Solution File, Format Version 12.00
# Visual Studio Version 16
VisualStudioVersion = 16.0.810.25
MinimumVisualStudioVersion = 10.0.40219.1
Project("{FAE04EC0-301F-11D3-BF4B-00C04F79EFBC}") = "Mod7Assignments", "Mod7Assignments\Mod7Assignments.csproj", "{97E0CAAE-81D0-4FC2-890C-5FF6C2A6F3E1}"
EndProject
Project("{FAE04EC0-301F-11D3-BF4B-00C04F79EFBC}") = "ShadowMap2", "ShadowMap2\ShadowMap2.csproj", "{2A935448-1DD1-4B57-B0B2-CBF04B1A0C42}"
EndProject
Project("{FAE04EC0-301F-11D3-BF4B-00C04F79EFBC}") = "ShadowMap", "ShadowMap\ShadowMap\ShadowMap.csproj", "{9E716C50-FA04-4847-B5B3-729BE078E818}"
EndProject
Project("{FAE04EC0-301F-11D3-BF4B-00C04F79EFBC}") = "ObjManager2", "ObjManager\ObjManager2.csproj", "{3DEE1392-EB2B-4C99-BD81-81F075EBD037}"
EndProject
Project("{FAE04EC0-301F-11D3-BF4B-00C04F79EFBC}") = "SkyBoxDemo", "SkyBoxDemo\SkyBoxDemo.csproj", "{AC409D8E-D778-48C9-81ED-C34E01D7B323}"
EndProject
Global
	GlobalSection(SolutionConfigurationPlatforms) = preSolution
		Debug|anycpu = Debug|anycpu
		Release|anycpu = Release|anycpu
	EndGlobalSection
	GlobalSection(ProjectConfigurationPlatforms) = postSolution
		{97E0CAAE-81D0-4FC2-890C-5FF6C2A6F3E1}.Debug|anycpu.ActiveCfg = Debug|anycpu
		{97E0CAAE-81D0-4FC2-890C-5FF6C2A6F3E1}.Debug|anycpu.Build.0 = Debug|anycpu
		{97E0CAAE-81D0-4FC2-890C-5FF6C2A6F3E1}.Release|anycpu.ActiveCfg = Release|anycpu
		{97E0CAAE-81D0-4FC2-890C-5FF6C2A6F3E1}.Release|anycpu.Build.0 = Release|anycpu
		{2A935448-1DD1-4B57-B0B2-CBF04B1A0C42}.Debug|anycpu.ActiveCfg = Debug|anycpu
		{2A935448-1DD1-4B57-B0B2-CBF04B1A0C42}.Debug|anycpu.Build.0 = Debug|anycpu
		{2A935448-1DD1-4B57-B0B2-CBF04B1A0C42}.Release|anycpu.ActiveCfg = Release|anycpu
		{2A935448-1DD1-4B57-B0B2-CBF04B1A0C42}.Release|anycpu.Build.0 = Release|anycpu
		{9E716C50-FA04-4847-B5B3-729BE078E818}.Debug|anycpu.ActiveCfg = Debug|anycpu
		{9E716C50-FA04-4847-B5B3-729BE078E818}.Debug|anycpu.Build.0 = Debug|anycpu
		{9E716C50-FA04-4847-B5B3-729BE078E818}.Release|anycpu.ActiveCfg = Release|anycpu
		{9E716C50-FA04-4847-B5B3-729BE078E818}.Release|anycpu.Build.0 = Release|anycpu
		{3DEE1392-EB2B-4C99-BD81-81F075EBD037}.Debug|anycpu.ActiveCfg = Debug|anycpu
		{3DEE1392-EB2B-4C99-BD81-81F075EBD037}.Debug|anycpu.Build.0 = Debug|anycpu
		{3DEE1392-EB2B-4C99-BD81-81F075EBD037}.Release|anycpu.ActiveCfg = Release|anycpu
		{3DEE1392-EB2B-4C99-BD81-81F075EBD037}.Release|anycpu.Build.0 = Release|anycpu
		{AC409D8E-D778-48C9-81ED-C34E01D7B323}.Debug|anycpu.ActiveCfg = Debug|anycpu
		{AC409D8E-D778-48C9-81ED-C34E01D7B323}.Debug|anycpu.Build.0 = Debug|anycpu
		{AC409D8E-D778-48C9-81ED-C34E01D7B323}.Release|anycpu.ActiveCfg = Release|anycpu
		{AC409D8E-D778-48C9-81ED-C34E01D7B323}.Release|anycpu.Build.0 = Release|anycpu
	EndGlobalSection
	GlobalSection(SolutionProperties) = preSolution
		HideSolutionNode = FALSE
	EndGlobalSection
	GlobalSection(ExtensibilityGlobals) = postSolution
		SolutionGuid = {2780B7AC-4E96-4881-B4DA-773D53BC04DA}
	EndGlobalSection
EndGlobal
