
Microsoft Visual Studio Solution File, Format Version 12.00
# Visual Studio Version 16
VisualStudioVersion = 16.0.810.22
MinimumVisualStudioVersion = 10.0.40219.1
Project("{FAE04EC0-301F-11D3-BF4B-00C04F79EFBC}") = "InnerSquare", "InnerSquare\InnerSquare.csproj", "{37897915-2172-4097-9686-99C6D60CCB0F}"
EndProject
Project("{FAE04EC0-301F-11D3-BF4B-00C04F79EFBC}") = "2DSierpinskiTriangle", "2DSierpinskiTriangle\2DSierpinskiTriangle.csproj", "{204D9C35-0DFA-4555-AB53-5E3C3E820B9B}"
EndProject
Project("{FAE04EC0-301F-11D3-BF4B-00C04F79EFBC}") = "RotatingSquare", "RotatingSquare\RotatingSquare.csproj", "{1224DF6A-CD91-42B5-A128-8F25812E196F}"
EndProject
Project("{FAE04EC0-301F-11D3-BF4B-00C04F79EFBC}") = "3DSierpinskiTriangle", "3DSierpinskiTriangle\3DSierpinskiTriangle.csproj", "{8BA9EF47-9500-4E46-863B-E39FC69DEE06}"
EndProject
Project("{FAE04EC0-301F-11D3-BF4B-00C04F79EFBC}") = "JavaScriptMatrixTransforms", "JavaScriptMatrixTransforms\JavaScriptMatrixTransforms.csproj", "{0E2C6A82-B1CF-47D6-A633-BBC40B98416D}"
EndProject
Global
	GlobalSection(SolutionConfigurationPlatforms) = preSolution
		Debug|anycpu = Debug|anycpu
		Release|anycpu = Release|anycpu
	EndGlobalSection
	GlobalSection(ProjectConfigurationPlatforms) = postSolution
		{37897915-2172-4097-9686-99C6D60CCB0F}.Debug|anycpu.ActiveCfg = Debug|anycpu
		{37897915-2172-4097-9686-99C6D60CCB0F}.Debug|anycpu.Build.0 = Debug|anycpu
		{37897915-2172-4097-9686-99C6D60CCB0F}.Release|anycpu.ActiveCfg = Release|anycpu
		{37897915-2172-4097-9686-99C6D60CCB0F}.Release|anycpu.Build.0 = Release|anycpu
		{204D9C35-0DFA-4555-AB53-5E3C3E820B9B}.Debug|anycpu.ActiveCfg = Debug|anycpu
		{204D9C35-0DFA-4555-AB53-5E3C3E820B9B}.Debug|anycpu.Build.0 = Debug|anycpu
		{204D9C35-0DFA-4555-AB53-5E3C3E820B9B}.Release|anycpu.ActiveCfg = Release|anycpu
		{204D9C35-0DFA-4555-AB53-5E3C3E820B9B}.Release|anycpu.Build.0 = Release|anycpu
		{1224DF6A-CD91-42B5-A128-8F25812E196F}.Debug|anycpu.ActiveCfg = Debug|anycpu
		{1224DF6A-CD91-42B5-A128-8F25812E196F}.Debug|anycpu.Build.0 = Debug|anycpu
		{1224DF6A-CD91-42B5-A128-8F25812E196F}.Release|anycpu.ActiveCfg = Release|anycpu
		{1224DF6A-CD91-42B5-A128-8F25812E196F}.Release|anycpu.Build.0 = Release|anycpu
		{8BA9EF47-9500-4E46-863B-E39FC69DEE06}.Debug|anycpu.ActiveCfg = Debug|anycpu
		{8BA9EF47-9500-4E46-863B-E39FC69DEE06}.Debug|anycpu.Build.0 = Debug|anycpu
		{8BA9EF47-9500-4E46-863B-E39FC69DEE06}.Release|anycpu.ActiveCfg = Release|anycpu
		{8BA9EF47-9500-4E46-863B-E39FC69DEE06}.Release|anycpu.Build.0 = Release|anycpu
		{0E2C6A82-B1CF-47D6-A633-BBC40B98416D}.Debug|anycpu.ActiveCfg = Debug|anycpu
		{0E2C6A82-B1CF-47D6-A633-BBC40B98416D}.Debug|anycpu.Build.0 = Debug|anycpu
		{0E2C6A82-B1CF-47D6-A633-BBC40B98416D}.Release|anycpu.ActiveCfg = Release|anycpu
		{0E2C6A82-B1CF-47D6-A633-BBC40B98416D}.Release|anycpu.Build.0 = Release|anycpu
	EndGlobalSection
	GlobalSection(SolutionProperties) = preSolution
		HideSolutionNode = FALSE
	EndGlobalSection
	GlobalSection(ExtensibilityGlobals) = postSolution
		SolutionGuid = {B0B9878C-A9EB-4617-B124-E419007B0836}
	EndGlobalSection
EndGlobal
